// !$*UTF8*$!
{
	archiveVersion = 1;
	classes = {
	};
	objectVersion = 46;
	objects = {

/* Begin PBXBuildFile section */
		324EA82FC77CC4AE4E6B3B64 /* libPods-SQLCipherDemo.a in Frameworks */ = {isa = PBXBuildFile; fileRef = F3A5FCE9682706CF2A9EC696 /* libPods-SQLCipherDemo.a */; };
		A0558D911E8CA442008ECDB7 /* main.m in Sources */ = {isa = PBXBuildFile; fileRef = A0558D901E8CA442008ECDB7 /* main.m */; };
		A0558D941E8CA442008ECDB7 /* AppDelegate.m in Sources */ = {isa = PBXBuildFile; fileRef = A0558D931E8CA442008ECDB7 /* AppDelegate.m */; };
		A0558D971E8CA442008ECDB7 /* ViewController.m in Sources */ = {isa = PBXBuildFile; fileRef = A0558D961E8CA442008ECDB7 /* ViewController.m */; };
		A0558D9A1E8CA442008ECDB7 /* Main.storyboard in Resources */ = {isa = PBXBuildFile; fileRef = A0558D981E8CA442008ECDB7 /* Main.storyboard */; };
		A0558D9C1E8CA442008ECDB7 /* Assets.xcassets in Resources */ = {isa = PBXBuildFile; fileRef = A0558D9B1E8CA442008ECDB7 /* Assets.xcassets */; };
		A0558D9F1E8CA442008ECDB7 /* LaunchScreen.storyboard in Resources */ = {isa = PBXBuildFile; fileRef = A0558D9D1E8CA442008ECDB7 /* LaunchScreen.storyboard */; };
		A0558DA91E8CA5C2008ECDB7 /* DSDatabaseEncryptManager.m in Sources */ = {isa = PBXBuildFile; fileRef = A0558DA81E8CA5C2008ECDB7 /* DSDatabaseEncryptManager.m */; };
		A0558DAC1E8CAB87008ECDB7 /* FMEncryptDatabaseQueue.m in Sources */ = {isa = PBXBuildFile; fileRef = A0558DAB1E8CAB87008ECDB7 /* FMEncryptDatabaseQueue.m */; };
		A0558DAF1E8CABAC008ECDB7 /* FMEncryptDatabase.m in Sources */ = {isa = PBXBuildFile; fileRef = A0558DAE1E8CABAC008ECDB7 /* FMEncryptDatabase.m */; };
/* End PBXBuildFile section */

/* Begin PBXFileReference section */
		3BD90BA83D7ED5831D3E2F48 /* Pods-SQLCipherDemo.debug.xcconfig */ = {isa = PBXFileReference; includeInIndex = 1; lastKnownFileType = text.xcconfig; name = "Pods-SQLCipherDemo.debug.xcconfig"; path = "Pods/Target Support Files/Pods-SQLCipherDemo/Pods-SQLCipherDemo.debug.xcconfig"; sourceTree = "<group>"; };
		A0558D8C1E8CA442008ECDB7 /* SQLCipherDemo.app */ = {isa = PBXFileReference; explicitFileType = wrapper.application; includeInIndex = 0; path = SQLCipherDemo.app; sourceTree = BUILT_PRODUCTS_DIR; };
		A0558D901E8CA442008ECDB7 /* main.m */ = {isa = PBXFileReference; lastKnownFileType = sourcecode.c.objc; path = main.m; sourceTree = "<group>"; };
		A0558D921E8CA442008ECDB7 /* AppDelegate.h */ = {isa = PBXFileReference; lastKnownFileType = sourcecode.c.h; path = AppDelegate.h; sourceTree = "<group>"; };
		A0558D931E8CA442008ECDB7 /* AppDelegate.m */ = {isa = PBXFileReference; lastKnownFileType = sourcecode.c.objc; path = AppDelegate.m; sourceTree = "<group>"; };
		A0558D951E8CA442008ECDB7 /* ViewController.h */ = {isa = PBXFileReference; lastKnownFileType = sourcecode.c.h; path = ViewController.h; sourceTree = "<group>"; };
		A0558D961E8CA442008ECDB7 /* ViewController.m */ = {isa = PBXFileReference; lastKnownFileType = sourcecode.c.objc; path = ViewController.m; sourceTree = "<group>"; };
		A0558D991E8CA442008ECDB7 /* Base */ = {isa = PBXFileReference; lastKnownFileType = file.storyboard; name = Base; path = Base.lproj/Main.storyboard; sourceTree = "<group>"; };
		A0558D9B1E8CA442008ECDB7 /* Assets.xcassets */ = {isa = PBXFileReference; lastKnownFileType = folder.assetcatalog; path = Assets.xcassets; sourceTree = "<group>"; };
		A0558D9E1E8CA442008ECDB7 /* Base */ = {isa = PBXFileReference; lastKnownFileType = file.storyboard; name = Base; path = Base.lproj/LaunchScreen.storyboard; sourceTree = "<group>"; };
		A0558DA01E8CA442008ECDB7 /* Info.plist */ = {isa = PBXFileReference; lastKnownFileType = text.plist.xml; path = Info.plist; sourceTree = "<group>"; };
		A0558DA71E8CA5C2008ECDB7 /* DSDatabaseEncryptManager.h */ = {isa = PBXFileReference; fileEncoding = 4; lastKnownFileType = sourcecode.c.h; path = DSDatabaseEncryptManager.h; sourceTree = "<group>"; };
		A0558DA81E8CA5C2008ECDB7 /* DSDatabaseEncryptManager.m */ = {isa = PBXFileReference; fileEncoding = 4; lastKnownFileType = sourcecode.c.objc; path = DSDatabaseEncryptManager.m; sourceTree = "<group>"; };
		A0558DAA1E8CAB87008ECDB7 /* FMEncryptDatabaseQueue.h */ = {isa = PBXFileReference; fileEncoding = 4; lastKnownFileType = sourcecode.c.h; path = FMEncryptDatabaseQueue.h; sourceTree = "<group>"; };
		A0558DAB1E8CAB87008ECDB7 /* FMEncryptDatabaseQueue.m */ = {isa = PBXFileReference; fileEncoding = 4; lastKnownFileType = sourcecode.c.objc; path = FMEncryptDatabaseQueue.m; sourceTree = "<group>"; };
		A0558DAD1E8CABAC008ECDB7 /* FMEncryptDatabase.h */ = {isa = PBXFileReference; fileEncoding = 4; lastKnownFileType = sourcecode.c.h; path = FMEncryptDatabase.h; sourceTree = "<group>"; };
		A0558DAE1E8CABAC008ECDB7 /* FMEncryptDatabase.m */ = {isa = PBXFileReference; fileEncoding = 4; lastKnownFileType = sourcecode.c.objc; path = FMEncryptDatabase.m; sourceTree = "<group>"; };
		A9040D84860ABE5D6DC93EC8 /* Pods-SQLCipherDemo.release.xcconfig */ = {isa = PBXFileReference; includeInIndex = 1; lastKnownFileType = text.xcconfig; name = "Pods-SQLCipherDemo.release.xcconfig"; path = "Pods/Target Support Files/Pods-SQLCipherDemo/Pods-SQLCipherDemo.release.xcconfig"; sourceTree = "<group>"; };
		F3A5FCE9682706CF2A9EC696 /* libPods-SQLCipherDemo.a */ = {isa = PBXFileReference; explicitFileType = archive.ar; includeInIndex = 0; path = "libPods-SQLCipherDemo.a"; sourceTree = BUILT_PRODUCTS_DIR; };
/* End PBXFileReference section */

/* Begin PBXFrameworksBuildPhase section */
		A0558D891E8CA442008ECDB7 /* Frameworks */ = {
			isa = PBXFrameworksBuildPhase;
			buildActionMask = 2147483647;
			files = (
				324EA82FC77CC4AE4E6B3B64 /* libPods-SQLCipherDemo.a in Frameworks */,
			);
			runOnlyForDeploymentPostprocessing = 0;
		};
/* End PBXFrameworksBuildPhase section */

/* Begin PBXGroup section */
		9729AADE0AAFE8B878F89A91 /* Pods */ = {
			isa = PBXGroup;
			children = (
				3BD90BA83D7ED5831D3E2F48 /* Pods-SQLCipherDemo.debug.xcconfig */,
				A9040D84860ABE5D6DC93EC8 /* Pods-SQLCipherDemo.release.xcconfig */,
			);
			name = Pods;
			sourceTree = "<group>";
		};
		A0558D831E8CA442008ECDB7 = {
			isa = PBXGroup;
			children = (
				A0558D8E1E8CA442008ECDB7 /* SQLCipherDemo */,
				A0558D8D1E8CA442008ECDB7 /* Products */,
				9729AADE0AAFE8B878F89A91 /* Pods */,
				F3A5E5FA523597008F62D7AF /* Frameworks */,
			);
			sourceTree = "<group>";
		};
		A0558D8D1E8CA442008ECDB7 /* Products */ = {
			isa = PBXGroup;
			children = (
				A0558D8C1E8CA442008ECDB7 /* SQLCipherDemo.app */,
			);
			name = Products;
			sourceTree = "<group>";
		};
		A0558D8E1E8CA442008ECDB7 /* SQLCipherDemo */ = {
			isa = PBXGroup;
			children = (
				A0558DA61E8CA47F008ECDB7 /* DatabaseService */,
				A0558D921E8CA442008ECDB7 /* AppDelegate.h */,
				A0558D931E8CA442008ECDB7 /* AppDelegate.m */,
				A0558D951E8CA442008ECDB7 /* ViewController.h */,
				A0558D961E8CA442008ECDB7 /* ViewController.m */,
				A0558D981E8CA442008ECDB7 /* Main.storyboard */,
				A0558D9B1E8CA442008ECDB7 /* Assets.xcassets */,
				A0558D9D1E8CA442008ECDB7 /* LaunchScreen.storyboard */,
				A0558DA01E8CA442008ECDB7 /* Info.plist */,
				A0558D8F1E8CA442008ECDB7 /* Supporting Files */,
			);
			path = SQLCipherDemo;
			sourceTree = "<group>";
		};
		A0558D8F1E8CA442008ECDB7 /* Supporting Files */ = {
			isa = PBXGroup;
			children = (
				A0558D901E8CA442008ECDB7 /* main.m */,
			);
			name = "Supporting Files";
			sourceTree = "<group>";
		};
		A0558DA61E8CA47F008ECDB7 /* DatabaseService */ = {
			isa = PBXGroup;
			children = (
				A0558DA71E8CA5C2008ECDB7 /* DSDatabaseEncryptManager.h */,
				A0558DA81E8CA5C2008ECDB7 /* DSDatabaseEncryptManager.m */,
				A0558DAA1E8CAB87008ECDB7 /* FMEncryptDatabaseQueue.h */,
				A0558DAB1E8CAB87008ECDB7 /* FMEncryptDatabaseQueue.m */,
				A0558DAD1E8CABAC008ECDB7 /* FMEncryptDatabase.h */,
				A0558DAE1E8CABAC008ECDB7 /* FMEncryptDatabase.m */,
			);
			path = DatabaseService;
			sourceTree = "<group>";
		};
		F3A5E5FA523597008F62D7AF /* Frameworks */ = {
			isa = PBXGroup;
			children = (
				F3A5FCE9682706CF2A9EC696 /* libPods-SQLCipherDemo.a */,
			);
			name = Frameworks;
			sourceTree = "<group>";
		};
/* End PBXGroup section */

/* Begin PBXNativeTarget section */
		A0558D8B1E8CA442008ECDB7 /* SQLCipherDemo */ = {
			isa = PBXNativeTarget;
			buildConfigurationList = A0558DA31E8CA442008ECDB7 /* Build configuration list for PBXNativeTarget "SQLCipherDemo" */;
			buildPhases = (
				0A11E12A2D64CE49F7C2C2B0 /* [CP] Check Pods Manifest.lock */,
				A0558D881E8CA442008ECDB7 /* Sources */,
				A0558D891E8CA442008ECDB7 /* Frameworks */,
				A0558D8A1E8CA442008ECDB7 /* Resources */,
				0088441948B96A1EAC763840 /* [CP] Embed Pods Frameworks */,
				0C550889B7C976F0AFA0D495 /* [CP] Copy Pods Resources */,
			);
			buildRules = (
			);
			dependencies = (
			);
			name = SQLCipherDemo;
			productName = SQLCipherDemo;
			productReference = A0558D8C1E8CA442008ECDB7 /* SQLCipherDemo.app */;
			productType = "com.apple.product-type.application";
		};
/* End PBXNativeTarget section */

/* Begin PBXProject section */
		A0558D841E8CA442008ECDB7 /* Project object */ = {
			isa = PBXProject;
			attributes = {
				LastUpgradeCheck = 0830;
				ORGANIZATIONNAME = "欧杜书";
				TargetAttributes = {
					A0558D8B1E8CA442008ECDB7 = {
						CreatedOnToolsVersion = 8.3;
						DevelopmentTeam = 5MXE45A86T;
						ProvisioningStyle = Automatic;
					};
				};
			};
			buildConfigurationList = A0558D871E8CA442008ECDB7 /* Build configuration list for PBXProject "SQLCipherDemo" */;
			compatibilityVersion = "Xcode 3.2";
			developmentRegion = English;
			hasScannedForEncodings = 0;
			knownRegions = (
				en,
				Base,
			);
			mainGroup = A0558D831E8CA442008ECDB7;
			productRefGroup = A0558D8D1E8CA442008ECDB7 /* Products */;
			projectDirPath = "";
			projectRoot = "";
			targets = (
				A0558D8B1E8CA442008ECDB7 /* SQLCipherDemo */,
			);
		};
/* End PBXProject section */

/* Begin PBXResourcesBuildPhase section */
		A0558D8A1E8CA442008ECDB7 /* Resources */ = {
			isa = PBXResourcesBuildPhase;
			buildActionMask = 2147483647;
			files = (
				A0558D9F1E8CA442008ECDB7 /* LaunchScreen.storyboard in Resources */,
				A0558D9C1E8CA442008ECDB7 /* Assets.xcassets in Resources */,
				A0558D9A1E8CA442008ECDB7 /* Main.storyboard in Resources */,
			);
			runOnlyForDeploymentPostprocessing = 0;
		};
/* End PBXResourcesBuildPhase section */

/* Begin PBXShellScriptBuildPhase section */
		0088441948B96A1EAC763840 /* [CP] Embed Pods Frameworks */ = {
			isa = PBXShellScriptBuildPhase;
			buildActionMask = 2147483647;
			files = (
			);
			inputPaths = (
			);
			name = "[CP] Embed Pods Frameworks";
			outputPaths = (
			);
			runOnlyForDeploymentPostprocessing = 0;
			shellPath = /bin/sh;
			shellScript = "\"${SRCROOT}/Pods/Target Support Files/Pods-SQLCipherDemo/Pods-SQLCipherDemo-frameworks.sh\"\n";
			showEnvVarsInLog = 0;
		};
		0A11E12A2D64CE49F7C2C2B0 /* [CP] Check Pods Manifest.lock */ = {
			isa = PBXShellScriptBuildPhase;
			buildActionMask = 2147483647;
			files = (
			);
			inputPaths = (
			);
			name = "[CP] Check Pods Manifest.lock";
			outputPaths = (
			);
			runOnlyForDeploymentPostprocessing = 0;
			shellPath = /bin/sh;
			shellScript = "diff \"${PODS_ROOT}/../Podfile.lock\" \"${PODS_ROOT}/Manifest.lock\" > /dev/null\nif [ $? != 0 ] ; then\n    # print error to STDERR\n    echo \"error: The sandbox is not in sync with the Podfile.lock. Run 'pod install' or update your CocoaPods installation.\" >&2\n    exit 1\nfi\n";
			showEnvVarsInLog = 0;
		};
		0C550889B7C976F0AFA0D495 /* [CP] Copy Pods Resources */ = {
			isa = PBXShellScriptBuildPhase;
			buildActionMask = 2147483647;
			files = (
			);
			inputPaths = (
			);
			name = "[CP] Copy Pods Resources";
			outputPaths = (
			);
			runOnlyForDeploymentPostprocessing = 0;
			shellPath = /bin/sh;
			shellScript = "\"${SRCROOT}/Pods/Target Support Files/Pods-SQLCipherDemo/Pods-SQLCipherDemo-resources.sh\"\n";
			showEnvVarsInLog = 0;
		};
/* End PBXShellScriptBuildPhase section */

/* Begin PBXSourcesBuildPhase section */
		A0558D881E8CA442008ECDB7 /* Sources */ = {
			isa = PBXSourcesBuildPhase;
			buildActionMask = 2147483647;
			files = (
				A0558D971E8CA442008ECDB7 /* ViewController.m in Sources */,
				A0558DA91E8CA5C2008ECDB7 /* DSDatabaseEncryptManager.m in Sources */,
				A0558D941E8CA442008ECDB7 /* AppDelegate.m in Sources */,
				A0558D911E8CA442008ECDB7 /* main.m in Sources */,
				A0558DAC1E8CAB87008ECDB7 /* FMEncryptDatabaseQueue.m in Sources */,
				A0558DAF1E8CABAC008ECDB7 /* FMEncryptDatabase.m in Sources */,
			);
			runOnlyForDeploymentPostprocessing = 0;
		};
/* End PBXSourcesBuildPhase section */

/* Begin PBXVariantGroup section */
		A0558D981E8CA442008ECDB7 /* Main.storyboard */ = {
			isa = PBXVariantGroup;
			children = (
				A0558D991E8CA442008ECDB7 /* Base */,
			);
			name = Main.storyboard;
			sourceTree = "<group>";
		};
		A0558D9D1E8CA442008ECDB7 /* LaunchScreen.storyboard */ = {
			isa = PBXVariantGroup;
			children = (
				A0558D9E1E8CA442008ECDB7 /* Base */,
			);
			name = LaunchScreen.storyboard;
			sourceTree = "<group>";
		};
/* End PBXVariantGroup section */

/* Begin XCBuildConfiguration section */
		A0558DA11E8CA442008ECDB7 /* Debug */ = {
			isa = XCBuildConfiguration;
			buildSettings = {
				ALWAYS_SEARCH_USER_PATHS = NO;
				CLANG_ANALYZER_NONNULL = YES;
				CLANG_ANALYZER_NUMBER_OBJECT_CONVERSION = YES_AGGRESSIVE;
				CLANG_CXX_LANGUAGE_STANDARD = "gnu++0x";
				CLANG_CXX_LIBRARY = "libc++";
				CLANG_ENABLE_MODULES = YES;
				CLANG_ENABLE_OBJC_ARC = YES;
				CLANG_WARN_BOOL_CONVERSION = YES;
				CLANG_WARN_CONSTANT_CONVERSION = YES;
				CLANG_WARN_DIRECT_OBJC_ISA_USAGE = YES_ERROR;
				CLANG_WARN_DOCUMENTATION_COMMENTS = YES;
				CLANG_WARN_EMPTY_BODY = YES;
				CLANG_WARN_ENUM_CONVERSION = YES;
				CLANG_WARN_INFINITE_RECURSION = YES;
				CLANG_WARN_INT_CONVERSION = YES;
				CLANG_WARN_OBJC_ROOT_CLASS = YES_ERROR;
				CLANG_WARN_SUSPICIOUS_MOVE = YES;
				CLANG_WARN_UNREACHABLE_CODE = YES;
				CLANG_WARN__DUPLICATE_METHOD_MATCH = YES;
				"CODE_SIGN_IDENTITY[sdk=iphoneos*]" = "iPhone Developer";
				COPY_PHASE_STRIP = NO;
				DEBUG_INFORMATION_FORMAT = dwarf;
				ENABLE_STRICT_OBJC_MSGSEND = YES;
				ENABLE_TESTABILITY = YES;
				GCC_C_LANGUAGE_STANDARD = gnu99;
				GCC_DYNAMIC_NO_PIC = NO;
				GCC_NO_COMMON_BLOCKS = YES;
				GCC_OPTIMIZATION_LEVEL = 0;
				GCC_PREPROCESSOR_DEFINITIONS = (
					"DEBUG=1",
					"$(inherited)",
				);
				GCC_WARN_64_TO_32_BIT_CONVERSION = YES;
				GCC_WARN_ABOUT_RETURN_TYPE = YES_ERROR;
				GCC_WARN_UNDECLARED_SELECTOR = YES;
				GCC_WARN_UNINITIALIZED_AUTOS = YES_AGGRESSIVE;
				GCC_WARN_UNUSED_FUNCTION = YES;
				GCC_WARN_UNUSED_VARIABLE = YES;
				IPHONEOS_DEPLOYMENT_TARGET = 10.3;
				MTL_ENABLE_DEBUG_INFO = YES;
				ONLY_ACTIVE_ARCH = YES;
				SDKROOT = iphoneos;
				TARGETED_DEVICE_FAMILY = "1,2";
			};
			name = Debug;
		};
		A0558DA21E8CA442008ECDB7 /* Release */ = {
			isa = XCBuildConfiguration;
			buildSettings = {
				ALWAYS_SEARCH_USER_PATHS = NO;
				CLANG_ANALYZER_NONNULL = YES;
				CLANG_ANALYZER_NUMBER_OBJECT_CONVERSION = YES_AGGRESSIVE;
				CLANG_CXX_LANGUAGE_STANDARD = "gnu++0x";
				CLANG_CXX_LIBRARY = "libc++";
				CLANG_ENABLE_MODULES = YES;
				CLANG_ENABLE_OBJC_ARC = YES;
				CLANG_WARN_BOOL_CONVERSION = YES;
				CLANG_WARN_CONSTANT_CONVERSION = YES;
				CLANG_WARN_DIRECT_OBJC_ISA_USAGE = YES_ERROR;
				CLANG_WARN_DOCUMENTATION_COMMENTS = YES;
				CLANG_WARN_EMPTY_BODY = YES;
				CLANG_WARN_ENUM_CONVERSION = YES;
				CLANG_WARN_INFINITE_RECURSION = YES;
				CLANG_WARN_INT_CONVERSION = YES;
				CLANG_WARN_OBJC_ROOT_CLASS = YES_ERROR;
				CLANG_WARN_SUSPICIOUS_MOVE = YES;
				CLANG_WARN_UNREACHABLE_CODE = YES;
				CLANG_WARN__DUPLICATE_METHOD_MATCH = YES;
				"CODE_SIGN_IDENTITY[sdk=iphoneos*]" = "iPhone Developer";
				COPY_PHASE_STRIP = NO;
				DEBUG_INFORMATION_FORMAT = "dwarf-with-dsym";
				ENABLE_NS_ASSERTIONS = NO;
				ENABLE_STRICT_OBJC_MSGSEND = YES;
				GCC_C_LANGUAGE_STANDARD = gnu99;
				GCC_NO_COMMON_BLOCKS = YES;
				GCC_WARN_64_TO_32_BIT_CONVERSION = YES;
				GCC_WARN_ABOUT_RETURN_TYPE = YES_ERROR;
				GCC_WARN_UNDECLARED_SELECTOR = YES;
				GCC_WARN_UNINITIALIZED_AUTOS = YES_AGGRESSIVE;
				GCC_WARN_UNUSED_FUNCTION = YES;
				GCC_WARN_UNUSED_VARIABLE = YES;
				IPHONEOS_DEPLOYMENT_TARGET = 10.3;
				MTL_ENABLE_DEBUG_INFO = NO;
				SDKROOT = iphoneos;
				TARGETED_DEVICE_FAMILY = "1,2";
				VALIDATE_PRODUCT = YES;
			};
			name = Release;
		};
		A0558DA41E8CA442008ECDB7 /* Debug */ = {
			isa = XCBuildConfiguration;
			baseConfigurationReference = 3BD90BA83D7ED5831D3E2F48 /* Pods-SQLCipherDemo.debug.xcconfig */;
			buildSettings = {
				ASSETCATALOG_COMPILER_APPICON_NAME = AppIcon;
				DEVELOPMENT_TEAM = 5MXE45A86T;
				INFOPLIST_FILE = SQLCipherDemo/Info.plist;
				IPHONEOS_DEPLOYMENT_TARGET = 8.0;
				LD_RUNPATH_SEARCH_PATHS = "$(inherited) @executable_path/Frameworks";
				PRODUCT_BUNDLE_IDENTIFIER = "com.gmail-dushu.ou.SQLCipherDemo";
				PRODUCT_NAME = "$(TARGET_NAME)";
			};
			name = Debug;
		};
		A0558DA51E8CA442008ECDB7 /* Release */ = {
			isa = XCBuildConfiguration;
			baseConfigurationReference = A9040D84860ABE5D6DC93EC8 /* Pods-SQLCipherDemo.release.xcconfig */;
			buildSettings = {
				ASSETCATALOG_COMPILER_APPICON_NAME = AppIcon;
				DEVELOPMENT_TEAM = 5MXE45A86T;
				INFOPLIST_FILE = SQLCipherDemo/Info.plist;
				IPHONEOS_DEPLOYMENT_TARGET = 8.0;
				LD_RUNPATH_SEARCH_PATHS = "$(inherited) @executable_path/Frameworks";
				PRODUCT_BUNDLE_IDENTIFIER = "com.gmail-dushu.ou.SQLCipherDemo";
				PRODUCT_NAME = "$(TARGET_NAME)";
			};
			name = Release;
		};
/* End XCBuildConfiguration section */

/* Begin XCConfigurationList section */
		A0558D871E8CA442008ECDB7 /* Build configuration list for PBXProject "SQLCipherDemo" */ = {
			isa = XCConfigurationList;
			buildConfigurations = (
				A0558DA11E8CA442008ECDB7 /* Debug */,
				A0558DA21E8CA442008ECDB7 /* Release */,
			);
			defaultConfigurationIsVisible = 0;
			defaultConfigurationName = Release;
		};
		A0558DA31E8CA442008ECDB7 /* Build configuration list for PBXNativeTarget "SQLCipherDemo" */ = {
			isa = XCConfigurationList;
			buildConfigurations = (
				A0558DA41E8CA442008ECDB7 /* Debug */,
				A0558DA51E8CA442008ECDB7 /* Release */,
			);
			defaultConfigurationIsVisible = 0;
			defaultConfigurationName = Release;
		};
/* End XCConfigurationList section */
	};
	rootObject = A0558D841E8CA442008ECDB7 /* Project object */;
}
